// !$*UTF8*$!
{
	archiveVersion = 1;
	classes = {
	};
	objectVersion = 48;
	objects = {

/* Begin PBXBuildFile section */
		D0BA549D1FDA8644003F028E /* AppDelegate.swift in Sources */ = {isa = PBXBuildFile; fileRef = D0BA549C1FDA8644003F028E /* AppDelegate.swift */; };
		D0BA549F1FDA8644003F028E /* art.scnassets in Resources */ = {isa = PBXBuildFile; fileRef = D0BA549E1FDA8644003F028E /* art.scnassets */; };
		D0BA54A11FDA8644003F028E /* SceneVC.swift in Sources */ = {isa = PBXBuildFile; fileRef = D0BA54A01FDA8644003F028E /* SceneVC.swift */; };
		D0BA54A41FDA8644003F028E /* Main.storyboard in Resources */ = {isa = PBXBuildFile; fileRef = D0BA54A21FDA8644003F028E /* Main.storyboard */; };
		D0BA54A61FDA8644003F028E /* Assets.xcassets in Resources */ = {isa = PBXBuildFile; fileRef = D0BA54A51FDA8644003F028E /* Assets.xcassets */; };
		D0BA54A91FDA8644003F028E /* LaunchScreen.storyboard in Resources */ = {isa = PBXBuildFile; fileRef = D0BA54A71FDA8644003F028E /* LaunchScreen.storyboard */; };
		D0D0F0C71FE6A93500B29C00 /* Im SpiderMan.mp3 in Resources */ = {isa = PBXBuildFile; fileRef = D0D0F0C61FE6A93400B29C00 /* Im SpiderMan.mp3 */; };
/* End PBXBuildFile section */

/* Begin PBXFileReference section */
		D0BA54991FDA8644003F028E /* AR_Demo.app */ = {isa = PBXFileReference; explicitFileType = wrapper.application; includeInIndex = 0; path = AR_Demo.app; sourceTree = BUILT_PRODUCTS_DIR; };
		D0BA549C1FDA8644003F028E /* AppDelegate.swift */ = {isa = PBXFileReference; lastKnownFileType = sourcecode.swift; path = AppDelegate.swift; sourceTree = "<group>"; };
		D0BA549E1FDA8644003F028E /* art.scnassets */ = {isa = PBXFileReference; lastKnownFileType = wrapper.scnassets; path = art.scnassets; sourceTree = "<group>"; };
		D0BA54A01FDA8644003F028E /* SceneVC.swift */ = {isa = PBXFileReference; lastKnownFileType = sourcecode.swift; path = SceneVC.swift; sourceTree = "<group>"; };
		D0BA54A31FDA8644003F028E /* Base */ = {isa = PBXFileReference; lastKnownFileType = file.storyboard; name = Base; path = Base.lproj/Main.storyboard; sourceTree = "<group>"; };
		D0BA54A51FDA8644003F028E /* Assets.xcassets */ = {isa = PBXFileReference; lastKnownFileType = folder.assetcatalog; path = Assets.xcassets; sourceTree = "<group>"; };
		D0BA54A81FDA8644003F028E /* Base */ = {isa = PBXFileReference; lastKnownFileType = file.storyboard; name = Base; path = Base.lproj/LaunchScreen.storyboard; sourceTree = "<group>"; };
		D0BA54AA1FDA8644003F028E /* Info.plist */ = {isa = PBXFileReference; lastKnownFileType = text.plist.xml; path = Info.plist; sourceTree = "<group>"; };
		D0D0F0C61FE6A93400B29C00 /* Im SpiderMan.mp3 */ = {isa = PBXFileReference; lastKnownFileType = audio.mp3; path = "Im SpiderMan.mp3"; sourceTree = "<group>"; };
/* End PBXFileReference section */

/* Begin PBXFrameworksBuildPhase section */
		D0BA54961FDA8644003F028E /* Frameworks */ = {
			isa = PBXFrameworksBuildPhase;
			buildActionMask = 2147483647;
			files = (
			);
			runOnlyForDeploymentPostprocessing = 0;
		};
/* End PBXFrameworksBuildPhase section */

/* Begin PBXGroup section */
		D0BA54901FDA8644003F028E = {
			isa = PBXGroup;
			children = (
				D0BA549B1FDA8644003F028E /* AR_Demo */,
				D0BA549A1FDA8644003F028E /* Products */,
			);
			sourceTree = "<group>";
		};
		D0BA549A1FDA8644003F028E /* Products */ = {
			isa = PBXGroup;
			children = (
				D0BA54991FDA8644003F028E /* AR_Demo.app */,
			);
			name = Products;
			sourceTree = "<group>";
		};
		D0BA549B1FDA8644003F028E /* AR_Demo */ = {
			isa = PBXGroup;
			children = (
				D0BA549C1FDA8644003F028E /* AppDelegate.swift */,
				D0D0F0C61FE6A93400B29C00 /* Im SpiderMan.mp3 */,
				D0BA549E1FDA8644003F028E /* art.scnassets */,
				D0BA54A01FDA8644003F028E /* SceneVC.swift */,
				D0BA54A21FDA8644003F028E /* Main.storyboard */,
				D0BA54A51FDA8644003F028E /* Assets.xcassets */,
				D0BA54A71FDA8644003F028E /* LaunchScreen.storyboard */,
				D0BA54AA1FDA8644003F028E /* Info.plist */,
			);
			path = AR_Demo;
			sourceTree = "<group>";
		};
/* End PBXGroup section */

/* Begin PBXNativeTarget section */
		D0BA54981FDA8644003F028E /* AR_Demo */ = {
			isa = PBXNativeTarget;
			buildConfigurationList = D0BA54AD1FDA8644003F028E /* Build configuration list for PBXNativeTarget "AR_Demo" */;
			buildPhases = (
				D0BA54951FDA8644003F028E /* Sources */,
				D0BA54961FDA8644003F028E /* Frameworks */,
				D0BA54971FDA8644003F028E /* Resources */,
			);
			buildRules = (
			);
			dependencies = (
			);
			name = AR_Demo;
			productName = AR_Demo;
			productReference = D0BA54991FDA8644003F028E /* AR_Demo.app */;
			productType = "com.apple.product-type.application";
		};
/* End PBXNativeTarget section */

/* Begin PBXProject section */
		D0BA54911FDA8644003F028E /* Project object */ = {
			isa = PBXProject;
			attributes = {
				LastSwiftUpdateCheck = 0920;
				LastUpgradeCheck = 0920;
				ORGANIZATIONNAME = "Cemal Bayrı";
				TargetAttributes = {
					D0BA54981FDA8644003F028E = {
						CreatedOnToolsVersion = 9.2;
						ProvisioningStyle = Automatic;
					};
				};
			};
			buildConfigurationList = D0BA54941FDA8644003F028E /* Build configuration list for PBXProject "AR_Demo" */;
			compatibilityVersion = "Xcode 8.0";
			developmentRegion = en;
			hasScannedForEncodings = 0;
			knownRegions = (
				en,
				Base,
			);
			mainGroup = D0BA54901FDA8644003F028E;
			productRefGroup = D0BA549A1FDA8644003F028E /* Products */;
			projectDirPath = "";
			projectRoot = "";
			targets = (
				D0BA54981FDA8644003F028E /* AR_Demo */,
			);
		};
/* End PBXProject section */

/* Begin PBXResourcesBuildPhase section */
		D0BA54971FDA8644003F028E /* Resources */ = {
			isa = PBXResourcesBuildPhase;
			buildActionMask = 2147483647;
			files = (
				D0D0F0C71FE6A93500B29C00 /* Im SpiderMan.mp3 in Resources */,
				D0BA549F1FDA8644003F028E /* art.scnassets in Resources */,
				D0BA54A91FDA8644003F028E /* LaunchScreen.storyboard in Resources */,
				D0BA54A61FDA8644003F028E /* Assets.xcassets in Resources */,
				D0BA54A41FDA8644003F028E /* Main.storyboard in Resources */,
			);
			runOnlyForDeploymentPostprocessing = 0;
		};
/* End PBXResourcesBuildPhase section */

/* Begin PBXSourcesBuildPhase section */
		D0BA54951FDA8644003F028E /* Sources */ = {
			isa = PBXSourcesBuildPhase;
			buildActionMask = 2147483647;
			files = (
				D0BA54A11FDA8644003F028E /* SceneVC.swift in Sources */,
				D0BA549D1FDA8644003F028E /* AppDelegate.swift in Sources */,
			);
			runOnlyForDeploymentPostprocessing = 0;
		};
/* End PBXSourcesBuildPhase section */

/* Begin PBXVariantGroup section */
		D0BA54A21FDA8644003F028E /* Main.storyboard */ = {
			isa = PBXVariantGroup;
			children = (
				D0BA54A31FDA8644003F028E /* Base */,
			);
			name = Main.storyboard;
			sourceTree = "<group>";
		};
		D0BA54A71FDA8644003F028E /* LaunchScreen.storyboard */ = {
			isa = PBXVariantGroup;
			children = (
				D0BA54A81FDA8644003F028E /* Base */,
			);
			name = LaunchScreen.storyboard;
			sourceTree = "<group>";
		};
/* End PBXVariantGroup section */

/* Begin XCBuildConfiguration section */
		D0BA54AB1FDA8644003F028E /* Debug */ = {
			isa = XCBuildConfiguration;
			buildSettings = {
				ALWAYS_SEARCH_USER_PATHS = NO;
				CLANG_ANALYZER_NONNULL = YES;
				CLANG_ANALYZER_NUMBER_OBJECT_CONVERSION = YES_AGGRESSIVE;
				CLANG_CXX_LANGUAGE_STANDARD = "gnu++14";
				CLANG_CXX_LIBRARY = "libc++";
				CLANG_ENABLE_MODULES = YES;
				CLANG_ENABLE_OBJC_ARC = YES;
				CLANG_WARN_BLOCK_CAPTURE_AUTORELEASING = YES;
				CLANG_WARN_BOOL_CONVERSION = YES;
				CLANG_WARN_COMMA = YES;
				CLANG_WARN_CONSTANT_CONVERSION = YES;
				CLANG_WARN_DIRECT_OBJC_ISA_USAGE = YES_ERROR;
				CLANG_WARN_DOCUMENTATION_COMMENTS = YES;
				CLANG_WARN_EMPTY_BODY = YES;
				CLANG_WARN_ENUM_CONVERSION = YES;
				CLANG_WARN_INFINITE_RECURSION = YES;
				CLANG_WARN_INT_CONVERSION = YES;
				CLANG_WARN_NON_LITERAL_NULL_CONVERSION = YES;
				CLANG_WARN_OBJC_LITERAL_CONVERSION = YES;
				CLANG_WARN_OBJC_ROOT_CLASS = YES_ERROR;
				CLANG_WARN_RANGE_LOOP_ANALYSIS = YES;
				CLANG_WARN_STRICT_PROTOTYPES = YES;
				CLANG_WARN_SUSPICIOUS_MOVE = YES;
				CLANG_WARN_UNGUARDED_AVAILABILITY = YES_AGGRESSIVE;
				CLANG_WARN_UNREACHABLE_CODE = YES;
				CLANG_WARN__DUPLICATE_METHOD_MATCH = YES;
				CODE_SIGN_IDENTITY = "iPhone Developer";
				COPY_PHASE_STRIP = NO;
				DEBUG_INFORMATION_FORMAT = dwarf;
				ENABLE_STRICT_OBJC_MSGSEND = YES;
				ENABLE_TESTABILITY = YES;
				GCC_C_LANGUAGE_STANDARD = gnu11;
				GCC_DYNAMIC_NO_PIC = NO;
				GCC_NO_COMMON_BLOCKS = YES;
				GCC_OPTIMIZATION_LEVEL = 0;
				GCC_PREPROCESSOR_DEFINITIONS = (
					"DEBUG=1",
					"$(inherited)",
				);
				GCC_WARN_64_TO_32_BIT_CONVERSION = YES;
				GCC_WARN_ABOUT_RETURN_TYPE = YES_ERROR;
				GCC_WARN_UNDECLARED_SELECTOR = YES;
				GCC_WARN_UNINITIALIZED_AUTOS = YES_AGGRESSIVE;
				GCC_WARN_UNUSED_FUNCTION = YES;
				GCC_WARN_UNUSED_VARIABLE = YES;
				IPHONEOS_DEPLOYMENT_TARGET = 11.2;
				MTL_ENABLE_DEBUG_INFO = YES;
				ONLY_ACTIVE_ARCH = YES;
				SDKROOT = iphoneos;
				SWIFT_ACTIVE_COMPILATION_CONDITIONS = DEBUG;
				SWIFT_OPTIMIZATION_LEVEL = "-Onone";
			};
			name = Debug;
		};
		D0BA54AC1FDA8644003F028E /* Release */ = {
			isa = XCBuildConfiguration;
			buildSettings = {
				ALWAYS_SEARCH_USER_PATHS = NO;
				CLANG_ANALYZER_NONNULL = YES;
				CLANG_ANALYZER_NUMBER_OBJECT_CONVERSION = YES_AGGRESSIVE;
				CLANG_CXX_LANGUAGE_STANDARD = "gnu++14";
				CLANG_CXX_LIBRARY = "libc++";
				CLANG_ENABLE_MODULES = YES;
				CLANG_ENABLE_OBJC_ARC = YES;
				CLANG_WARN_BLOCK_CAPTURE_AUTORELEASING = YES;
				CLANG_WARN_BOOL_CONVERSION = YES;
				CLANG_WARN_COMMA = YES;
				CLANG_WARN_CONSTANT_CONVERSION = YES;
				CLANG_WARN_DIRECT_OBJC_ISA_USAGE = YES_ERROR;
				CLANG_WARN_DOCUMENTATION_COMMENTS = YES;
				CLANG_WARN_EMPTY_BODY = YES;
				CLANG_WARN_ENUM_CONVERSION = YES;
				CLANG_WARN_INFINITE_RECURSION = YES;
				CLANG_WARN_INT_CONVERSION = YES;
				CLANG_WARN_NON_LITERAL_NULL_CONVERSION = YES;
				CLANG_WARN_OBJC_LITERAL_CONVERSION = YES;
				CLANG_WARN_OBJC_ROOT_CLASS = YES_ERROR;
				CLANG_WARN_RANGE_LOOP_ANALYSIS = YES;
				CLANG_WARN_STRICT_PROTOTYPES = YES;
				CLANG_WARN_SUSPICIOUS_MOVE = YES;
				CLANG_WARN_UNGUARDED_AVAILABILITY = YES_AGGRESSIVE;
				CLANG_WARN_UNREACHABLE_CODE = YES;
				CLANG_WARN__DUPLICATE_METHOD_MATCH = YES;
				CODE_SIGN_IDENTITY = "iPhone Developer";
				COPY_PHASE_STRIP = NO;
				DEBUG_INFORMATION_FORMAT = "dwarf-with-dsym";
				ENABLE_NS_ASSERTIONS = NO;
				ENABLE_STRICT_OBJC_MSGSEND = YES;
				GCC_C_LANGUAGE_STANDARD = gnu11;
				GCC_NO_COMMON_BLOCKS = YES;
				GCC_WARN_64_TO_32_BIT_CONVERSION = YES;
				GCC_WARN_ABOUT_RETURN_TYPE = YES_ERROR;
				GCC_WARN_UNDECLARED_SELECTOR = YES;
				GCC_WARN_UNINITIALIZED_AUTOS = YES_AGGRESSIVE;
				GCC_WARN_UNUSED_FUNCTION = YES;
				GCC_WARN_UNUSED_VARIABLE = YES;
				IPHONEOS_DEPLOYMENT_TARGET = 11.2;
				MTL_ENABLE_DEBUG_INFO = NO;
				SDKROOT = iphoneos;
				SWIFT_OPTIMIZATION_LEVEL = "-Owholemodule";
				VALIDATE_PRODUCT = YES;
			};
			name = Release;
		};
		D0BA54AE1FDA8644003F028E /* Debug */ = {
			isa = XCBuildConfiguration;
			buildSettings = {
				ASSETCATALOG_COMPILER_APPICON_NAME = AppIcon;
				CODE_SIGN_STYLE = Automatic;
				DEVELOPMENT_TEAM = Z583R7FF8W;
				INFOPLIST_FILE = AR_Demo/Info.plist;
				IPHONEOS_DEPLOYMENT_TARGET = 11.0;
				LD_RUNPATH_SEARCH_PATHS = "$(inherited) @executable_path/Frameworks";
				PRODUCT_BUNDLE_IDENTIFIER = "com.cemal.AR-Demo";
				PRODUCT_NAME = "$(TARGET_NAME)";
				SWIFT_VERSION = 4.0;
				TARGETED_DEVICE_FAMILY = "1,2";
			};
			name = Debug;
		};
		D0BA54AF1FDA8644003F028E /* Release */ = {
			isa = XCBuildConfiguration;
			buildSettings = {
				ASSETCATALOG_COMPILER_APPICON_NAME = AppIcon;
				CODE_SIGN_STYLE = Automatic;
				DEVELOPMENT_TEAM = Z583R7FF8W;
				INFOPLIST_FILE = AR_Demo/Info.plist;
				IPHONEOS_DEPLOYMENT_TARGET = 11.0;
				LD_RUNPATH_SEARCH_PATHS = "$(inherited) @executable_path/Frameworks";
				PRODUCT_BUNDLE_IDENTIFIER = "com.cemal.AR-Demo";
				PRODUCT_NAME = "$(TARGET_NAME)";
				SWIFT_VERSION = 4.0;
				TARGETED_DEVICE_FAMILY = "1,2";
			};
			name = Release;
		};
/* End XCBuildConfiguration section */

/* Begin XCConfigurationList section */
		D0BA54941FDA8644003F028E /* Build configuration list for PBXProject "AR_Demo" */ = {
			isa = XCConfigurationList;
			buildConfigurations = (
				D0BA54AB1FDA8644003F028E /* Debug */,
				D0BA54AC1FDA8644003F028E /* Release */,
			);
			defaultConfigurationIsVisible = 0;
			defaultConfigurationName = Release;
		};
		D0BA54AD1FDA8644003F028E /* Build configuration list for PBXNativeTarget "AR_Demo" */ = {
			isa = XCConfigurationList;
			buildConfigurations = (
				D0BA54AE1FDA8644003F028E /* Debug */,
				D0BA54AF1FDA8644003F028E /* Release */,
			);
			defaultConfigurationIsVisible = 0;
			defaultConfigurationName = Release;
		};
/* End XCConfigurationList section */
	};
	rootObject = D0BA54911FDA8644003F028E /* Project object */;
}
